
Microsoft Visual Studio Solution File, Format Version 12.00
# Visual Studio Version 17
VisualStudioVersion = 17.6.33723.286
MinimumVisualStudioVersion = 10.0.40219.1
Project("{FAE04EC0-301F-11D3-BF4B-00C04F79EFBC}") = "InvoicingSystem", "InvoicingSystem\InvoicingSystem.csproj", "{8BCE4B00-6BD1-47B5-AB68-900B5200BC01}"
EndProject
Global
	GlobalSection(SolutionConfigurationPlatforms) = preSolution
		Debug|Any CPU = Debug|Any CPU
		Release|Any CPU = Release|Any CPU
	EndGlobalSection
	GlobalSection(ProjectConfigurationPlatforms) = postSolution
		{8BCE4B00-6BD1-47B5-AB68-900B5200BC01}.Debug|Any CPU.ActiveCfg = Debug|Any CPU
		{8BCE4B00-6BD1-47B5-AB68-900B5200BC01}.Debug|Any CPU.Build.0 = Debug|Any CPU
		{8BCE4B00-6BD1-47B5-AB68-900B5200BC01}.Release|Any CPU.ActiveCfg = Release|Any CPU
		{8BCE4B00-6BD1-47B5-AB68-900B5200BC01}.Release|Any CPU.Build.0 = Release|Any CPU
	EndGlobalSection
	GlobalSection(SolutionProperties) = preSolution
		HideSolutionNode = FALSE
	EndGlobalSection
	GlobalSection(ExtensibilityGlobals) = postSolution
		SolutionGuid = {3DB04A84-D4BC-432E-A931-8443B5F435AE}
	EndGlobalSection
EndGlobal
